
Microsoft Visual Studio Solution File, Format Version 12.00
# Visual Studio Version 17
VisualStudioVersion = 17.8.34408.163
MinimumVisualStudioVersion = 10.0.40219.1
Project("{FAE04EC0-301F-11D3-BF4B-00C04F79EFBC}") = "DockerBignner", "DockerBignner.csproj", "{9385FD70-CE72-4B1D-BBE3-22C4857CACC9}"
EndProject
Global
	GlobalSection(SolutionConfigurationPlatforms) = preSolution
		Debug|Any CPU = Debug|Any CPU
		Release|Any CPU = Release|Any CPU
	EndGlobalSection
	GlobalSection(ProjectConfigurationPlatforms) = postSolution
		{9385FD70-CE72-4B1D-BBE3-22C4857CACC9}.Debug|Any CPU.ActiveCfg = Debug|Any CPU
		{9385FD70-CE72-4B1D-BBE3-22C4857CACC9}.Debug|Any CPU.Build.0 = Debug|Any CPU
		{9385FD70-CE72-4B1D-BBE3-22C4857CACC9}.Release|Any CPU.ActiveCfg = Release|Any CPU
		{9385FD70-CE72-4B1D-BBE3-22C4857CACC9}.Release|Any CPU.Build.0 = Release|Any CPU
	EndGlobalSection
	GlobalSection(SolutionProperties) = preSolution
		HideSolutionNode = FALSE
	EndGlobalSection
	GlobalSection(ExtensibilityGlobals) = postSolution
		SolutionGuid = {0F583506-2D9F-4157-8E32-F5A173717DD8}
	EndGlobalSection
EndGlobal
